// !$*UTF8*$!
{
	archiveVersion = 1;
	classes = {
	};
	objectVersion = 48;
	objects = {

/* Begin PBXBuildFile section */
		3DB02388C8EEE24B68914E25 /* Pods_TreeViewTest.framework in Frameworks */ = {isa = PBXBuildFile; fileRef = BE85FF4CDEAA876D719B96F1 /* Pods_TreeViewTest.framework */; };
		A5618CCA20352C2F001AC764 /* AppDelegate.swift in Sources */ = {isa = PBXBuildFile; fileRef = A5618CC920352C2F001AC764 /* AppDelegate.swift */; };
		A5618CCC20352C2F001AC764 /* ViewController.swift in Sources */ = {isa = PBXBuildFile; fileRef = A5618CCB20352C2F001AC764 /* ViewController.swift */; };
		A5618CCF20352C2F001AC764 /* Main.storyboard in Resources */ = {isa = PBXBuildFile; fileRef = A5618CCD20352C2F001AC764 /* Main.storyboard */; };
		A5618CD120352C2F001AC764 /* Assets.xcassets in Resources */ = {isa = PBXBuildFile; fileRef = A5618CD020352C2F001AC764 /* Assets.xcassets */; };
		A5618CD420352C2F001AC764 /* LaunchScreen.storyboard in Resources */ = {isa = PBXBuildFile; fileRef = A5618CD220352C2F001AC764 /* LaunchScreen.storyboard */; };
		A5618CDF20352C2F001AC764 /* TreeViewTestTests.swift in Sources */ = {isa = PBXBuildFile; fileRef = A5618CDE20352C2F001AC764 /* TreeViewTestTests.swift */; };
		A5618CEA20352C2F001AC764 /* TreeViewTestUITests.swift in Sources */ = {isa = PBXBuildFile; fileRef = A5618CE920352C2F001AC764 /* TreeViewTestUITests.swift */; };
		A5618CF820352D52001AC764 /* CustomNode.swift in Sources */ = {isa = PBXBuildFile; fileRef = A5618CF720352D52001AC764 /* CustomNode.swift */; };
/* End PBXBuildFile section */

/* Begin PBXContainerItemProxy section */
		A5618CDB20352C2F001AC764 /* PBXContainerItemProxy */ = {
			isa = PBXContainerItemProxy;
			containerPortal = A5618CBE20352C2F001AC764 /* Project object */;
			proxyType = 1;
			remoteGlobalIDString = A5618CC520352C2F001AC764;
			remoteInfo = TreeViewTest;
		};
		A5618CE620352C2F001AC764 /* PBXContainerItemProxy */ = {
			isa = PBXContainerItemProxy;
			containerPortal = A5618CBE20352C2F001AC764 /* Project object */;
			proxyType = 1;
			remoteGlobalIDString = A5618CC520352C2F001AC764;
			remoteInfo = TreeViewTest;
		};
/* End PBXContainerItemProxy section */

/* Begin PBXFileReference section */
		38276CDF1F3B0C4536EF025E /* Pods-TreeViewTest.release.xcconfig */ = {isa = PBXFileReference; includeInIndex = 1; lastKnownFileType = text.xcconfig; name = "Pods-TreeViewTest.release.xcconfig"; path = "Pods/Target Support Files/Pods-TreeViewTest/Pods-TreeViewTest.release.xcconfig"; sourceTree = "<group>"; };
		94E852412FBA36DE4E646CBC /* Pods-TreeViewTest.debug.xcconfig */ = {isa = PBXFileReference; includeInIndex = 1; lastKnownFileType = text.xcconfig; name = "Pods-TreeViewTest.debug.xcconfig"; path = "Pods/Target Support Files/Pods-TreeViewTest/Pods-TreeViewTest.debug.xcconfig"; sourceTree = "<group>"; };
		A5618CC620352C2F001AC764 /* TreeViewTest.app */ = {isa = PBXFileReference; explicitFileType = wrapper.application; includeInIndex = 0; path = TreeViewTest.app; sourceTree = BUILT_PRODUCTS_DIR; };
		A5618CC920352C2F001AC764 /* AppDelegate.swift */ = {isa = PBXFileReference; lastKnownFileType = sourcecode.swift; path = AppDelegate.swift; sourceTree = "<group>"; };
		A5618CCB20352C2F001AC764 /* ViewController.swift */ = {isa = PBXFileReference; lastKnownFileType = sourcecode.swift; path = ViewController.swift; sourceTree = "<group>"; };
		A5618CCE20352C2F001AC764 /* Base */ = {isa = PBXFileReference; lastKnownFileType = file.storyboard; name = Base; path = Base.lproj/Main.storyboard; sourceTree = "<group>"; };
		A5618CD020352C2F001AC764 /* Assets.xcassets */ = {isa = PBXFileReference; lastKnownFileType = folder.assetcatalog; path = Assets.xcassets; sourceTree = "<group>"; };
		A5618CD320352C2F001AC764 /* Base */ = {isa = PBXFileReference; lastKnownFileType = file.storyboard; name = Base; path = Base.lproj/LaunchScreen.storyboard; sourceTree = "<group>"; };
		A5618CD520352C2F001AC764 /* Info.plist */ = {isa = PBXFileReference; lastKnownFileType = text.plist.xml; path = Info.plist; sourceTree = "<group>"; };
		A5618CDA20352C2F001AC764 /* TreeViewTestTests.xctest */ = {isa = PBXFileReference; explicitFileType = wrapper.cfbundle; includeInIndex = 0; path = TreeViewTestTests.xctest; sourceTree = BUILT_PRODUCTS_DIR; };
		A5618CDE20352C2F001AC764 /* TreeViewTestTests.swift */ = {isa = PBXFileReference; lastKnownFileType = sourcecode.swift; path = TreeViewTestTests.swift; sourceTree = "<group>"; };
		A5618CE020352C2F001AC764 /* Info.plist */ = {isa = PBXFileReference; lastKnownFileType = text.plist.xml; path = Info.plist; sourceTree = "<group>"; };
		A5618CE520352C2F001AC764 /* TreeViewTestUITests.xctest */ = {isa = PBXFileReference; explicitFileType = wrapper.cfbundle; includeInIndex = 0; path = TreeViewTestUITests.xctest; sourceTree = BUILT_PRODUCTS_DIR; };
		A5618CE920352C2F001AC764 /* TreeViewTestUITests.swift */ = {isa = PBXFileReference; lastKnownFileType = sourcecode.swift; path = TreeViewTestUITests.swift; sourceTree = "<group>"; };
		A5618CEB20352C2F001AC764 /* Info.plist */ = {isa = PBXFileReference; lastKnownFileType = text.plist.xml; path = Info.plist; sourceTree = "<group>"; };
		A5618CF720352D52001AC764 /* CustomNode.swift */ = {isa = PBXFileReference; lastKnownFileType = sourcecode.swift; path = CustomNode.swift; sourceTree = "<group>"; };
		BE85FF4CDEAA876D719B96F1 /* Pods_TreeViewTest.framework */ = {isa = PBXFileReference; explicitFileType = wrapper.framework; includeInIndex = 0; path = Pods_TreeViewTest.framework; sourceTree = BUILT_PRODUCTS_DIR; };
/* End PBXFileReference section */

/* Begin PBXFrameworksBuildPhase section */
		A5618CC320352C2F001AC764 /* Frameworks */ = {
			isa = PBXFrameworksBuildPhase;
			buildActionMask = 2147483647;
			files = (
				3DB02388C8EEE24B68914E25 /* Pods_TreeViewTest.framework in Frameworks */,
			);
			runOnlyForDeploymentPostprocessing = 0;
		};
		A5618CD720352C2F001AC764 /* Frameworks */ = {
			isa = PBXFrameworksBuildPhase;
			buildActionMask = 2147483647;
			files = (
			);
			runOnlyForDeploymentPostprocessing = 0;
		};
		A5618CE220352C2F001AC764 /* Frameworks */ = {
			isa = PBXFrameworksBuildPhase;
			buildActionMask = 2147483647;
			files = (
			);
			runOnlyForDeploymentPostprocessing = 0;
		};
/* End PBXFrameworksBuildPhase section */

/* Begin PBXGroup section */
		711B94BCEE2A2E58CBE7EFE8 /* Pods */ = {
			isa = PBXGroup;
			children = (
				94E852412FBA36DE4E646CBC /* Pods-TreeViewTest.debug.xcconfig */,
				38276CDF1F3B0C4536EF025E /* Pods-TreeViewTest.release.xcconfig */,
			);
			name = Pods;
			sourceTree = "<group>";
		};
		A5618CBD20352C2F001AC764 = {
			isa = PBXGroup;
			children = (
				A5618CC820352C2F001AC764 /* TreeViewTest */,
				A5618CDD20352C2F001AC764 /* TreeViewTestTests */,
				A5618CE820352C2F001AC764 /* TreeViewTestUITests */,
				A5618CC720352C2F001AC764 /* Products */,
				711B94BCEE2A2E58CBE7EFE8 /* Pods */,
				A5BBF14BF5BA62C38E6B6F07 /* Frameworks */,
			);
			sourceTree = "<group>";
		};
		A5618CC720352C2F001AC764 /* Products */ = {
			isa = PBXGroup;
			children = (
				A5618CC620352C2F001AC764 /* TreeViewTest.app */,
				A5618CDA20352C2F001AC764 /* TreeViewTestTests.xctest */,
				A5618CE520352C2F001AC764 /* TreeViewTestUITests.xctest */,
			);
			name = Products;
			sourceTree = "<group>";
		};
		A5618CC820352C2F001AC764 /* TreeViewTest */ = {
			isa = PBXGroup;
			children = (
				A5618CC920352C2F001AC764 /* AppDelegate.swift */,
				A5618CCB20352C2F001AC764 /* ViewController.swift */,
				A5618CCD20352C2F001AC764 /* Main.storyboard */,
				A5618CD020352C2F001AC764 /* Assets.xcassets */,
				A5618CD220352C2F001AC764 /* LaunchScreen.storyboard */,
				A5618CD520352C2F001AC764 /* Info.plist */,
				A5618CF720352D52001AC764 /* CustomNode.swift */,
			);
			path = TreeViewTest;
			sourceTree = "<group>";
		};
		A5618CDD20352C2F001AC764 /* TreeViewTestTests */ = {
			isa = PBXGroup;
			children = (
				A5618CDE20352C2F001AC764 /* TreeViewTestTests.swift */,
				A5618CE020352C2F001AC764 /* Info.plist */,
			);
			path = TreeViewTestTests;
			sourceTree = "<group>";
		};
		A5618CE820352C2F001AC764 /* TreeViewTestUITests */ = {
			isa = PBXGroup;
			children = (
				A5618CE920352C2F001AC764 /* TreeViewTestUITests.swift */,
				A5618CEB20352C2F001AC764 /* Info.plist */,
			);
			path = TreeViewTestUITests;
			sourceTree = "<group>";
		};
		A5BBF14BF5BA62C38E6B6F07 /* Frameworks */ = {
			isa = PBXGroup;
			children = (
				BE85FF4CDEAA876D719B96F1 /* Pods_TreeViewTest.framework */,
			);
			name = Frameworks;
			sourceTree = "<group>";
		};
/* End PBXGroup section */

/* Begin PBXNativeTarget section */
		A5618CC520352C2F001AC764 /* TreeViewTest */ = {
			isa = PBXNativeTarget;
			buildConfigurationList = A5618CEE20352C2F001AC764 /* Build configuration list for PBXNativeTarget "TreeViewTest" */;
			buildPhases = (
				47DE0F6156744C179B5A4E73 /* [CP] Check Pods Manifest.lock */,
				A5618CC220352C2F001AC764 /* Sources */,
				A5618CC320352C2F001AC764 /* Frameworks */,
				A5618CC420352C2F001AC764 /* Resources */,
				1C05645550E90F02D80B1A9F /* [CP] Embed Pods Frameworks */,
				D5B78B89C8190AEA425A91B5 /* [CP] Copy Pods Resources */,
			);
			buildRules = (
			);
			dependencies = (
			);
			name = TreeViewTest;
			productName = TreeViewTest;
			productReference = A5618CC620352C2F001AC764 /* TreeViewTest.app */;
			productType = "com.apple.product-type.application";
		};
		A5618CD920352C2F001AC764 /* TreeViewTestTests */ = {
			isa = PBXNativeTarget;
			buildConfigurationList = A5618CF120352C2F001AC764 /* Build configuration list for PBXNativeTarget "TreeViewTestTests" */;
			buildPhases = (
				A5618CD620352C2F001AC764 /* Sources */,
				A5618CD720352C2F001AC764 /* Frameworks */,
				A5618CD820352C2F001AC764 /* Resources */,
			);
			buildRules = (
			);
			dependencies = (
				A5618CDC20352C2F001AC764 /* PBXTargetDependency */,
			);
			name = TreeViewTestTests;
			productName = TreeViewTestTests;
			productReference = A5618CDA20352C2F001AC764 /* TreeViewTestTests.xctest */;
			productType = "com.apple.product-type.bundle.unit-test";
		};
		A5618CE420352C2F001AC764 /* TreeViewTestUITests */ = {
			isa = PBXNativeTarget;
			buildConfigurationList = A5618CF420352C2F001AC764 /* Build configuration list for PBXNativeTarget "TreeViewTestUITests" */;
			buildPhases = (
				A5618CE120352C2F001AC764 /* Sources */,
				A5618CE220352C2F001AC764 /* Frameworks */,
				A5618CE320352C2F001AC764 /* Resources */,
			);
			buildRules = (
			);
			dependencies = (
				A5618CE720352C2F001AC764 /* PBXTargetDependency */,
			);
			name = TreeViewTestUITests;
			productName = TreeViewTestUITests;
			productReference = A5618CE520352C2F001AC764 /* TreeViewTestUITests.xctest */;
			productType = "com.apple.product-type.bundle.ui-testing";
		};
/* End PBXNativeTarget section */

/* Begin PBXProject section */
		A5618CBE20352C2F001AC764 /* Project object */ = {
			isa = PBXProject;
			attributes = {
				LastSwiftUpdateCheck = 0920;
				LastUpgradeCheck = 0920;
				ORGANIZATIONNAME = "Harnack, Paul (Student)";
				TargetAttributes = {
					A5618CC520352C2F001AC764 = {
						CreatedOnToolsVersion = 9.2;
						ProvisioningStyle = Automatic;
					};
					A5618CD920352C2F001AC764 = {
						CreatedOnToolsVersion = 9.2;
						ProvisioningStyle = Automatic;
						TestTargetID = A5618CC520352C2F001AC764;
					};
					A5618CE420352C2F001AC764 = {
						CreatedOnToolsVersion = 9.2;
						ProvisioningStyle = Automatic;
						TestTargetID = A5618CC520352C2F001AC764;
					};
				};
			};
			buildConfigurationList = A5618CC120352C2F001AC764 /* Build configuration list for PBXProject "TreeViewTest" */;
			compatibilityVersion = "Xcode 8.0";
			developmentRegion = en;
			hasScannedForEncodings = 0;
			knownRegions = (
				en,
				Base,
			);
			mainGroup = A5618CBD20352C2F001AC764;
			productRefGroup = A5618CC720352C2F001AC764 /* Products */;
			projectDirPath = "";
			projectRoot = "";
			targets = (
				A5618CC520352C2F001AC764 /* TreeViewTest */,
				A5618CD920352C2F001AC764 /* TreeViewTestTests */,
				A5618CE420352C2F001AC764 /* TreeViewTestUITests */,
			);
		};
/* End PBXProject section */

/* Begin PBXResourcesBuildPhase section */
		A5618CC420352C2F001AC764 /* Resources */ = {
			isa = PBXResourcesBuildPhase;
			buildActionMask = 2147483647;
			files = (
				A5618CD420352C2F001AC764 /* LaunchScreen.storyboard in Resources */,
				A5618CD120352C2F001AC764 /* Assets.xcassets in Resources */,
				A5618CCF20352C2F001AC764 /* Main.storyboard in Resources */,
			);
			runOnlyForDeploymentPostprocessing = 0;
		};
		A5618CD820352C2F001AC764 /* Resources */ = {
			isa = PBXResourcesBuildPhase;
			buildActionMask = 2147483647;
			files = (
			);
			runOnlyForDeploymentPostprocessing = 0;
		};
		A5618CE320352C2F001AC764 /* Resources */ = {
			isa = PBXResourcesBuildPhase;
			buildActionMask = 2147483647;
			files = (
			);
			runOnlyForDeploymentPostprocessing = 0;
		};
/* End PBXResourcesBuildPhase section */

/* Begin PBXShellScriptBuildPhase section */
		1C05645550E90F02D80B1A9F /* [CP] Embed Pods Frameworks */ = {
			isa = PBXShellScriptBuildPhase;
			buildActionMask = 2147483647;
			files = (
			);
			inputPaths = (
				"${SRCROOT}/Pods/Target Support Files/Pods-TreeViewTest/Pods-TreeViewTest-frameworks.sh",
				"${BUILT_PRODUCTS_DIR}/LNZTreeView/LNZTreeView.framework",
			);
			name = "[CP] Embed Pods Frameworks";
			outputPaths = (
				"${TARGET_BUILD_DIR}/${FRAMEWORKS_FOLDER_PATH}/LNZTreeView.framework",
			);
			runOnlyForDeploymentPostprocessing = 0;
			shellPath = /bin/sh;
			shellScript = "\"${SRCROOT}/Pods/Target Support Files/Pods-TreeViewTest/Pods-TreeViewTest-frameworks.sh\"\n";
			showEnvVarsInLog = 0;
		};
		47DE0F6156744C179B5A4E73 /* [CP] Check Pods Manifest.lock */ = {
			isa = PBXShellScriptBuildPhase;
			buildActionMask = 2147483647;
			files = (
			);
			inputPaths = (
				"${PODS_PODFILE_DIR_PATH}/Podfile.lock",
				"${PODS_ROOT}/Manifest.lock",
			);
			name = "[CP] Check Pods Manifest.lock";
			outputPaths = (
				"$(DERIVED_FILE_DIR)/Pods-TreeViewTest-checkManifestLockResult.txt",
			);
			runOnlyForDeploymentPostprocessing = 0;
			shellPath = /bin/sh;
			shellScript = "diff \"${PODS_PODFILE_DIR_PATH}/Podfile.lock\" \"${PODS_ROOT}/Manifest.lock\" > /dev/null\nif [ $? != 0 ] ; then\n    # print error to STDERR\n    echo \"error: The sandbox is not in sync with the Podfile.lock. Run 'pod install' or update your CocoaPods installation.\" >&2\n    exit 1\nfi\n# This output is used by Xcode 'outputs' to avoid re-running this script phase.\necho \"SUCCESS\" > \"${SCRIPT_OUTPUT_FILE_0}\"\n";
			showEnvVarsInLog = 0;
		};
		D5B78B89C8190AEA425A91B5 /* [CP] Copy Pods Resources */ = {
			isa = PBXShellScriptBuildPhase;
			buildActionMask = 2147483647;
			files = (
			);
			inputPaths = (
			);
			name = "[CP] Copy Pods Resources";
			outputPaths = (
			);
			runOnlyForDeploymentPostprocessing = 0;
			shellPath = /bin/sh;
			shellScript = "\"${SRCROOT}/Pods/Target Support Files/Pods-TreeViewTest/Pods-TreeViewTest-resources.sh\"\n";
			showEnvVarsInLog = 0;
		};
/* End PBXShellScriptBuildPhase section */

/* Begin PBXSourcesBuildPhase section */
		A5618CC220352C2F001AC764 /* Sources */ = {
			isa = PBXSourcesBuildPhase;
			buildActionMask = 2147483647;
			files = (
				A5618CF820352D52001AC764 /* CustomNode.swift in Sources */,
				A5618CCC20352C2F001AC764 /* ViewController.swift in Sources */,
				A5618CCA20352C2F001AC764 /* AppDelegate.swift in Sources */,
			);
			runOnlyForDeploymentPostprocessing = 0;
		};
		A5618CD620352C2F001AC764 /* Sources */ = {
			isa = PBXSourcesBuildPhase;
			buildActionMask = 2147483647;
			files = (
				A5618CDF20352C2F001AC764 /* TreeViewTestTests.swift in Sources */,
			);
			runOnlyForDeploymentPostprocessing = 0;
		};
		A5618CE120352C2F001AC764 /* Sources */ = {
			isa = PBXSourcesBuildPhase;
			buildActionMask = 2147483647;
			files = (
				A5618CEA20352C2F001AC764 /* TreeViewTestUITests.swift in Sources */,
			);
			runOnlyForDeploymentPostprocessing = 0;
		};
/* End PBXSourcesBuildPhase section */

/* Begin PBXTargetDependency section */
		A5618CDC20352C2F001AC764 /* PBXTargetDependency */ = {
			isa = PBXTargetDependency;
			target = A5618CC520352C2F001AC764 /* TreeViewTest */;
			targetProxy = A5618CDB20352C2F001AC764 /* PBXContainerItemProxy */;
		};
		A5618CE720352C2F001AC764 /* PBXTargetDependency */ = {
			isa = PBXTargetDependency;
			target = A5618CC520352C2F001AC764 /* TreeViewTest */;
			targetProxy = A5618CE620352C2F001AC764 /* PBXContainerItemProxy */;
		};
/* End PBXTargetDependency section */

/* Begin PBXVariantGroup section */
		A5618CCD20352C2F001AC764 /* Main.storyboard */ = {
			isa = PBXVariantGroup;
			children = (
				A5618CCE20352C2F001AC764 /* Base */,
			);
			name = Main.storyboard;
			sourceTree = "<group>";
		};
		A5618CD220352C2F001AC764 /* LaunchScreen.storyboard */ = {
			isa = PBXVariantGroup;
			children = (
				A5618CD320352C2F001AC764 /* Base */,
			);
			name = LaunchScreen.storyboard;
			sourceTree = "<group>";
		};
/* End PBXVariantGroup section */

/* Begin XCBuildConfiguration section */
		A5618CEC20352C2F001AC764 /* Debug */ = {
			isa = XCBuildConfiguration;
			buildSettings = {
				ALWAYS_SEARCH_USER_PATHS = NO;
				CLANG_ANALYZER_NONNULL = YES;
				CLANG_ANALYZER_NUMBER_OBJECT_CONVERSION = YES_AGGRESSIVE;
				CLANG_CXX_LANGUAGE_STANDARD = "gnu++14";
				CLANG_CXX_LIBRARY = "libc++";
				CLANG_ENABLE_MODULES = YES;
				CLANG_ENABLE_OBJC_ARC = YES;
				CLANG_WARN_BLOCK_CAPTURE_AUTORELEASING = YES;
				CLANG_WARN_BOOL_CONVERSION = YES;
				CLANG_WARN_COMMA = YES;
				CLANG_WARN_CONSTANT_CONVERSION = YES;
				CLANG_WARN_DIRECT_OBJC_ISA_USAGE = YES_ERROR;
				CLANG_WARN_DOCUMENTATION_COMMENTS = YES;
				CLANG_WARN_EMPTY_BODY = YES;
				CLANG_WARN_ENUM_CONVERSION = YES;
				CLANG_WARN_INFINITE_RECURSION = YES;
				CLANG_WARN_INT_CONVERSION = YES;
				CLANG_WARN_NON_LITERAL_NULL_CONVERSION = YES;
				CLANG_WARN_OBJC_LITERAL_CONVERSION = YES;
				CLANG_WARN_OBJC_ROOT_CLASS = YES_ERROR;
				CLANG_WARN_RANGE_LOOP_ANALYSIS = YES;
				CLANG_WARN_STRICT_PROTOTYPES = YES;
				CLANG_WARN_SUSPICIOUS_MOVE = YES;
				CLANG_WARN_UNGUARDED_AVAILABILITY = YES_AGGRESSIVE;
				CLANG_WARN_UNREACHABLE_CODE = YES;
				CLANG_WARN__DUPLICATE_METHOD_MATCH = YES;
				CODE_SIGN_IDENTITY = "iPhone Developer";
				COPY_PHASE_STRIP = NO;
				DEBUG_INFORMATION_FORMAT = dwarf;
				ENABLE_STRICT_OBJC_MSGSEND = YES;
				ENABLE_TESTABILITY = YES;
				GCC_C_LANGUAGE_STANDARD = gnu11;
				GCC_DYNAMIC_NO_PIC = NO;
				GCC_NO_COMMON_BLOCKS = YES;
				GCC_OPTIMIZATION_LEVEL = 0;
				GCC_PREPROCESSOR_DEFINITIONS = (
					"DEBUG=1",
					"$(inherited)",
				);
				GCC_WARN_64_TO_32_BIT_CONVERSION = YES;
				GCC_WARN_ABOUT_RETURN_TYPE = YES_ERROR;
				GCC_WARN_UNDECLARED_SELECTOR = YES;
				GCC_WARN_UNINITIALIZED_AUTOS = YES_AGGRESSIVE;
				GCC_WARN_UNUSED_FUNCTION = YES;
				GCC_WARN_UNUSED_VARIABLE = YES;
				IPHONEOS_DEPLOYMENT_TARGET = 11.2;
				MTL_ENABLE_DEBUG_INFO = YES;
				ONLY_ACTIVE_ARCH = YES;
				SDKROOT = iphoneos;
				SWIFT_ACTIVE_COMPILATION_CONDITIONS = DEBUG;
				SWIFT_OPTIMIZATION_LEVEL = "-Onone";
			};
			name = Debug;
		};
		A5618CED20352C2F001AC764 /* Release */ = {
			isa = XCBuildConfiguration;
			buildSettings = {
				ALWAYS_SEARCH_USER_PATHS = NO;
				CLANG_ANALYZER_NONNULL = YES;
				CLANG_ANALYZER_NUMBER_OBJECT_CONVERSION = YES_AGGRESSIVE;
				CLANG_CXX_LANGUAGE_STANDARD = "gnu++14";
				CLANG_CXX_LIBRARY = "libc++";
				CLANG_ENABLE_MODULES = YES;
				CLANG_ENABLE_OBJC_ARC = YES;
				CLANG_WARN_BLOCK_CAPTURE_AUTORELEASING = YES;
				CLANG_WARN_BOOL_CONVERSION = YES;
				CLANG_WARN_COMMA = YES;
				CLANG_WARN_CONSTANT_CONVERSION = YES;
				CLANG_WARN_DIRECT_OBJC_ISA_USAGE = YES_ERROR;
				CLANG_WARN_DOCUMENTATION_COMMENTS = YES;
				CLANG_WARN_EMPTY_BODY = YES;
				CLANG_WARN_ENUM_CONVERSION = YES;
				CLANG_WARN_INFINITE_RECURSION = YES;
				CLANG_WARN_INT_CONVERSION = YES;
				CLANG_WARN_NON_LITERAL_NULL_CONVERSION = YES;
				CLANG_WARN_OBJC_LITERAL_CONVERSION = YES;
				CLANG_WARN_OBJC_ROOT_CLASS = YES_ERROR;
				CLANG_WARN_RANGE_LOOP_ANALYSIS = YES;
				CLANG_WARN_STRICT_PROTOTYPES = YES;
				CLANG_WARN_SUSPICIOUS_MOVE = YES;
				CLANG_WARN_UNGUARDED_AVAILABILITY = YES_AGGRESSIVE;
				CLANG_WARN_UNREACHABLE_CODE = YES;
				CLANG_WARN__DUPLICATE_METHOD_MATCH = YES;
				CODE_SIGN_IDENTITY = "iPhone Developer";
				COPY_PHASE_STRIP = NO;
				DEBUG_INFORMATION_FORMAT = "dwarf-with-dsym";
				ENABLE_NS_ASSERTIONS = NO;
				ENABLE_STRICT_OBJC_MSGSEND = YES;
				GCC_C_LANGUAGE_STANDARD = gnu11;
				GCC_NO_COMMON_BLOCKS = YES;
				GCC_WARN_64_TO_32_BIT_CONVERSION = YES;
				GCC_WARN_ABOUT_RETURN_TYPE = YES_ERROR;
				GCC_WARN_UNDECLARED_SELECTOR = YES;
				GCC_WARN_UNINITIALIZED_AUTOS = YES_AGGRESSIVE;
				GCC_WARN_UNUSED_FUNCTION = YES;
				GCC_WARN_UNUSED_VARIABLE = YES;
				IPHONEOS_DEPLOYMENT_TARGET = 11.2;
				MTL_ENABLE_DEBUG_INFO = NO;
				SDKROOT = iphoneos;
				SWIFT_OPTIMIZATION_LEVEL = "-Owholemodule";
				VALIDATE_PRODUCT = YES;
			};
			name = Release;
		};
		A5618CEF20352C2F001AC764 /* Debug */ = {
			isa = XCBuildConfiguration;
			baseConfigurationReference = 94E852412FBA36DE4E646CBC /* Pods-TreeViewTest.debug.xcconfig */;
			buildSettings = {
				ASSETCATALOG_COMPILER_APPICON_NAME = AppIcon;
				CODE_SIGN_STYLE = Automatic;
				INFOPLIST_FILE = TreeViewTest/Info.plist;
				LD_RUNPATH_SEARCH_PATHS = "$(inherited) @executable_path/Frameworks";
				PRODUCT_BUNDLE_IDENTIFIER = harna100.chapman.edu.TreeViewTest;
				PRODUCT_NAME = "$(TARGET_NAME)";
				SWIFT_VERSION = 4.0;
				TARGETED_DEVICE_FAMILY = "1,2";
			};
			name = Debug;
		};
		A5618CF020352C2F001AC764 /* Release */ = {
			isa = XCBuildConfiguration;
			baseConfigurationReference = 38276CDF1F3B0C4536EF025E /* Pods-TreeViewTest.release.xcconfig */;
			buildSettings = {
				ASSETCATALOG_COMPILER_APPICON_NAME = AppIcon;
				CODE_SIGN_STYLE = Automatic;
				INFOPLIST_FILE = TreeViewTest/Info.plist;
				LD_RUNPATH_SEARCH_PATHS = "$(inherited) @executable_path/Frameworks";
				PRODUCT_BUNDLE_IDENTIFIER = harna100.chapman.edu.TreeViewTest;
				PRODUCT_NAME = "$(TARGET_NAME)";
				SWIFT_VERSION = 4.0;
				TARGETED_DEVICE_FAMILY = "1,2";
			};
			name = Release;
		};
		A5618CF220352C2F001AC764 /* Debug */ = {
			isa = XCBuildConfiguration;
			buildSettings = {
				ALWAYS_EMBED_SWIFT_STANDARD_LIBRARIES = YES;
				BUNDLE_LOADER = "$(TEST_HOST)";
				CODE_SIGN_STYLE = Automatic;
				INFOPLIST_FILE = TreeViewTestTests/Info.plist;
				LD_RUNPATH_SEARCH_PATHS = "$(inherited) @executable_path/Frameworks @loader_path/Frameworks";
				PRODUCT_BUNDLE_IDENTIFIER = harna100.chapman.edu.TreeViewTestTests;
				PRODUCT_NAME = "$(TARGET_NAME)";
				SWIFT_VERSION = 4.0;
				TARGETED_DEVICE_FAMILY = "1,2";
				TEST_HOST = "$(BUILT_PRODUCTS_DIR)/TreeViewTest.app/TreeViewTest";
			};
			name = Debug;
		};
		A5618CF320352C2F001AC764 /* Release */ = {
			isa = XCBuildConfiguration;
			buildSettings = {
				ALWAYS_EMBED_SWIFT_STANDARD_LIBRARIES = YES;
				BUNDLE_LOADER = "$(TEST_HOST)";
				CODE_SIGN_STYLE = Automatic;
				INFOPLIST_FILE = TreeViewTestTests/Info.plist;
				LD_RUNPATH_SEARCH_PATHS = "$(inherited) @executable_path/Frameworks @loader_path/Frameworks";
				PRODUCT_BUNDLE_IDENTIFIER = harna100.chapman.edu.TreeViewTestTests;
				PRODUCT_NAME = "$(TARGET_NAME)";
				SWIFT_VERSION = 4.0;
				TARGETED_DEVICE_FAMILY = "1,2";
				TEST_HOST = "$(BUILT_PRODUCTS_DIR)/TreeViewTest.app/TreeViewTest";
			};
			name = Release;
		};
		A5618CF520352C2F001AC764 /* Debug */ = {
			isa = XCBuildConfiguration;
			buildSettings = {
				ALWAYS_EMBED_SWIFT_STANDARD_LIBRARIES = YES;
				CODE_SIGN_STYLE = Automatic;
				INFOPLIST_FILE = TreeViewTestUITests/Info.plist;
				LD_RUNPATH_SEARCH_PATHS = "$(inherited) @executable_path/Frameworks @loader_path/Frameworks";
				PRODUCT_BUNDLE_IDENTIFIER = harna100.chapman.edu.TreeViewTestUITests;
				PRODUCT_NAME = "$(TARGET_NAME)";
				SWIFT_VERSION = 4.0;
				TARGETED_DEVICE_FAMILY = "1,2";
				TEST_TARGET_NAME = TreeViewTest;
			};
			name = Debug;
		};
		A5618CF620352C2F001AC764 /* Release */ = {
			isa = XCBuildConfiguration;
			buildSettings = {
				ALWAYS_EMBED_SWIFT_STANDARD_LIBRARIES = YES;
				CODE_SIGN_STYLE = Automatic;
				INFOPLIST_FILE = TreeViewTestUITests/Info.plist;
				LD_RUNPATH_SEARCH_PATHS = "$(inherited) @executable_path/Frameworks @loader_path/Frameworks";
				PRODUCT_BUNDLE_IDENTIFIER = harna100.chapman.edu.TreeViewTestUITests;
				PRODUCT_NAME = "$(TARGET_NAME)";
				SWIFT_VERSION = 4.0;
				TARGETED_DEVICE_FAMILY = "1,2";
				TEST_TARGET_NAME = TreeViewTest;
			};
			name = Release;
		};
/* End XCBuildConfiguration section */

/* Begin XCConfigurationList section */
		A5618CC120352C2F001AC764 /* Build configuration list for PBXProject "TreeViewTest" */ = {
			isa = XCConfigurationList;
			buildConfigurations = (
				A5618CEC20352C2F001AC764 /* Debug */,
				A5618CED20352C2F001AC764 /* Release */,
			);
			defaultConfigurationIsVisible = 0;
			defaultConfigurationName = Release;
		};
		A5618CEE20352C2F001AC764 /* Build configuration list for PBXNativeTarget "TreeViewTest" */ = {
			isa = XCConfigurationList;
			buildConfigurations = (
				A5618CEF20352C2F001AC764 /* Debug */,
				A5618CF020352C2F001AC764 /* Release */,
			);
			defaultConfigurationIsVisible = 0;
			defaultConfigurationName = Release;
		};
		A5618CF120352C2F001AC764 /* Build configuration list for PBXNativeTarget "TreeViewTestTests" */ = {
			isa = XCConfigurationList;
			buildConfigurations = (
				A5618CF220352C2F001AC764 /* Debug */,
				A5618CF320352C2F001AC764 /* Release */,
			);
			defaultConfigurationIsVisible = 0;
			defaultConfigurationName = Release;
		};
		A5618CF420352C2F001AC764 /* Build configuration list for PBXNativeTarget "TreeViewTestUITests" */ = {
			isa = XCConfigurationList;
			buildConfigurations = (
				A5618CF520352C2F001AC764 /* Debug */,
				A5618CF620352C2F001AC764 /* Release */,
			);
			defaultConfigurationIsVisible = 0;
			defaultConfigurationName = Release;
		};
/* End XCConfigurationList section */
	};
	rootObject = A5618CBE20352C2F001AC764 /* Project object */;
}
